
Microsoft Visual Studio Solution File, Format Version 12.00
# Visual Studio Version 17
VisualStudioVersion = 17.14.37111.16 d17.14
MinimumVisualStudioVersion = 10.0.40219.1
Project("{FAE04EC0-301F-11D3-BF4B-00C04F79EFBC}") = "SprintService", "SprintService\SprintService.csproj", "{2C2E9DD8-D50D-4344-9206-C3F661B7203A}"
EndProject
Global
	GlobalSection(SolutionConfigurationPlatforms) = preSolution
		Debug|Any CPU = Debug|Any CPU
		Release|Any CPU = Release|Any CPU
	EndGlobalSection
	GlobalSection(ProjectConfigurationPlatforms) = postSolution
		{2C2E9DD8-D50D-4344-9206-C3F661B7203A}.Debug|Any CPU.ActiveCfg = Debug|Any CPU
		{2C2E9DD8-D50D-4344-9206-C3F661B7203A}.Debug|Any CPU.Build.0 = Debug|Any CPU
		{2C2E9DD8-D50D-4344-9206-C3F661B7203A}.Release|Any CPU.ActiveCfg = Release|Any CPU
		{2C2E9DD8-D50D-4344-9206-C3F661B7203A}.Release|Any CPU.Build.0 = Release|Any CPU
	EndGlobalSection
	GlobalSection(SolutionProperties) = preSolution
		HideSolutionNode = FALSE
	EndGlobalSection
	GlobalSection(ExtensibilityGlobals) = postSolution
		SolutionGuid = {689BD170-BB6D-4C1A-B1C3-CBE75ABEECE1}
	EndGlobalSection
EndGlobal
