
Microsoft Visual Studio Solution File, Format Version 12.00
# Visual Studio Version 17
VisualStudioVersion = 17.14.37111.16
MinimumVisualStudioVersion = 10.0.40219.1
Project("{FAE04EC0-301F-11D3-BF4B-00C04F79EFBC}") = "SprintService", "SprintService.csproj", "{DFEE3AEB-F683-6F47-00CC-CC187B5F9FD4}"
EndProject
Project("{FAE04EC0-301F-11D3-BF4B-00C04F79EFBC}") = "SprintService.Tests", "..\SprintService.Tests\SprintService.Tests.csproj", "{AC385EED-817D-413A-BBB4-AAB8D49E0908}"
EndProject
Global
	GlobalSection(SolutionConfigurationPlatforms) = preSolution
		Debug|Any CPU = Debug|Any CPU
		Debug|x64 = Debug|x64
		Debug|x86 = Debug|x86
		Release|Any CPU = Release|Any CPU
		Release|x64 = Release|x64
		Release|x86 = Release|x86
	EndGlobalSection
	GlobalSection(ProjectConfigurationPlatforms) = postSolution
		{DFEE3AEB-F683-6F47-00CC-CC187B5F9FD4}.Debug|Any CPU.ActiveCfg = Debug|Any CPU
		{DFEE3AEB-F683-6F47-00CC-CC187B5F9FD4}.Debug|Any CPU.Build.0 = Debug|Any CPU
		{DFEE3AEB-F683-6F47-00CC-CC187B5F9FD4}.Debug|x64.ActiveCfg = Debug|Any CPU
		{DFEE3AEB-F683-6F47-00CC-CC187B5F9FD4}.Debug|x64.Build.0 = Debug|Any CPU
		{DFEE3AEB-F683-6F47-00CC-CC187B5F9FD4}.Debug|x86.ActiveCfg = Debug|Any CPU
		{DFEE3AEB-F683-6F47-00CC-CC187B5F9FD4}.Debug|x86.Build.0 = Debug|Any CPU
		{DFEE3AEB-F683-6F47-00CC-CC187B5F9FD4}.Release|Any CPU.ActiveCfg = Release|Any CPU
		{DFEE3AEB-F683-6F47-00CC-CC187B5F9FD4}.Release|Any CPU.Build.0 = Release|Any CPU
		{DFEE3AEB-F683-6F47-00CC-CC187B5F9FD4}.Release|x64.ActiveCfg = Release|Any CPU
		{DFEE3AEB-F683-6F47-00CC-CC187B5F9FD4}.Release|x64.Build.0 = Release|Any CPU
		{DFEE3AEB-F683-6F47-00CC-CC187B5F9FD4}.Release|x86.ActiveCfg = Release|Any CPU
		{DFEE3AEB-F683-6F47-00CC-CC187B5F9FD4}.Release|x86.Build.0 = Release|Any CPU
		{AC385EED-817D-413A-BBB4-AAB8D49E0908}.Debug|Any CPU.ActiveCfg = Debug|Any CPU
		{AC385EED-817D-413A-BBB4-AAB8D49E0908}.Debug|Any CPU.Build.0 = Debug|Any CPU
		{AC385EED-817D-413A-BBB4-AAB8D49E0908}.Debug|x64.ActiveCfg = Debug|Any CPU
		{AC385EED-817D-413A-BBB4-AAB8D49E0908}.Debug|x64.Build.0 = Debug|Any CPU
		{AC385EED-817D-413A-BBB4-AAB8D49E0908}.Debug|x86.ActiveCfg = Debug|Any CPU
		{AC385EED-817D-413A-BBB4-AAB8D49E0908}.Debug|x86.Build.0 = Debug|Any CPU
		{AC385EED-817D-413A-BBB4-AAB8D49E0908}.Release|Any CPU.ActiveCfg = Release|Any CPU
		{AC385EED-817D-413A-BBB4-AAB8D49E0908}.Release|Any CPU.Build.0 = Release|Any CPU
		{AC385EED-817D-413A-BBB4-AAB8D49E0908}.Release|x64.ActiveCfg = Release|Any CPU
		{AC385EED-817D-413A-BBB4-AAB8D49E0908}.Release|x64.Build.0 = Release|Any CPU
		{AC385EED-817D-413A-BBB4-AAB8D49E0908}.Release|x86.ActiveCfg = Release|Any CPU
		{AC385EED-817D-413A-BBB4-AAB8D49E0908}.Release|x86.Build.0 = Release|Any CPU
	EndGlobalSection
	GlobalSection(SolutionProperties) = preSolution
		HideSolutionNode = FALSE
	EndGlobalSection
	GlobalSection(ExtensibilityGlobals) = postSolution
		SolutionGuid = {689BD170-BB6D-4C1A-B1C3-CBE75ABEECE1}
	EndGlobalSection
EndGlobal
